
Microsoft Visual Studio Solution File, Format Version 12.00
# Visual Studio Version 17
VisualStudioVersion = 17.6.33717.318
MinimumVisualStudioVersion = 10.0.40219.1
Project("{9A19103F-16F7-4668-BE54-9A1E7A4F7556}") = "UI", "UI\UI.csproj", "{EB690286-935C-4DB5-A1AA-92C43C065C8C}"
EndProject
Project("{9A19103F-16F7-4668-BE54-9A1E7A4F7556}") = "Repo", "Repo\Repo.csproj", "{EFB49567-5168-4342-A0F6-B23CBA3001B9}"
EndProject
Project("{9A19103F-16F7-4668-BE54-9A1E7A4F7556}") = "Service", "Service\Service.csproj", "{C4CA59F4-F7DC-47EE-B832-22335C710B72}"
EndProject
Project("{9A19103F-16F7-4668-BE54-9A1E7A4F7556}") = "BO", "BusinessObject\BO.csproj", "{8108AD15-F015-4F7D-9BC3-EC3053FBB38A}"
EndProject
Project("{9A19103F-16F7-4668-BE54-9A1E7A4F7556}") = "DAO", "DAO\DAO.csproj", "{E35AC331-ABE8-4EAA-80F8-73C9714A713B}"
EndProject
Global
	GlobalSection(SolutionConfigurationPlatforms) = preSolution
		Debug|Any CPU = Debug|Any CPU
		Release|Any CPU = Release|Any CPU
	EndGlobalSection
	GlobalSection(ProjectConfigurationPlatforms) = postSolution
		{EB690286-935C-4DB5-A1AA-92C43C065C8C}.Debug|Any CPU.ActiveCfg = Debug|Any CPU
		{EB690286-935C-4DB5-A1AA-92C43C065C8C}.Debug|Any CPU.Build.0 = Debug|Any CPU
		{EB690286-935C-4DB5-A1AA-92C43C065C8C}.Release|Any CPU.ActiveCfg = Release|Any CPU
		{EB690286-935C-4DB5-A1AA-92C43C065C8C}.Release|Any CPU.Build.0 = Release|Any CPU
		{EFB49567-5168-4342-A0F6-B23CBA3001B9}.Debug|Any CPU.ActiveCfg = Debug|Any CPU
		{EFB49567-5168-4342-A0F6-B23CBA3001B9}.Debug|Any CPU.Build.0 = Debug|Any CPU
		{EFB49567-5168-4342-A0F6-B23CBA3001B9}.Release|Any CPU.ActiveCfg = Release|Any CPU
		{EFB49567-5168-4342-A0F6-B23CBA3001B9}.Release|Any CPU.Build.0 = Release|Any CPU
		{C4CA59F4-F7DC-47EE-B832-22335C710B72}.Debug|Any CPU.ActiveCfg = Debug|Any CPU
		{C4CA59F4-F7DC-47EE-B832-22335C710B72}.Debug|Any CPU.Build.0 = Debug|Any CPU
		{C4CA59F4-F7DC-47EE-B832-22335C710B72}.Release|Any CPU.ActiveCfg = Release|Any CPU
		{C4CA59F4-F7DC-47EE-B832-22335C710B72}.Release|Any CPU.Build.0 = Release|Any CPU
		{8108AD15-F015-4F7D-9BC3-EC3053FBB38A}.Debug|Any CPU.ActiveCfg = Debug|Any CPU
		{8108AD15-F015-4F7D-9BC3-EC3053FBB38A}.Debug|Any CPU.Build.0 = Debug|Any CPU
		{8108AD15-F015-4F7D-9BC3-EC3053FBB38A}.Release|Any CPU.ActiveCfg = Release|Any CPU
		{8108AD15-F015-4F7D-9BC3-EC3053FBB38A}.Release|Any CPU.Build.0 = Release|Any CPU
		{E35AC331-ABE8-4EAA-80F8-73C9714A713B}.Debug|Any CPU.ActiveCfg = Debug|Any CPU
		{E35AC331-ABE8-4EAA-80F8-73C9714A713B}.Debug|Any CPU.Build.0 = Debug|Any CPU
		{E35AC331-ABE8-4EAA-80F8-73C9714A713B}.Release|Any CPU.ActiveCfg = Release|Any CPU
		{E35AC331-ABE8-4EAA-80F8-73C9714A713B}.Release|Any CPU.Build.0 = Release|Any CPU
	EndGlobalSection
	GlobalSection(SolutionProperties) = preSolution
		HideSolutionNode = FALSE
	EndGlobalSection
	GlobalSection(ExtensibilityGlobals) = postSolution
		SolutionGuid = {E4408B76-B8E4-43CC-A3D2-89D706517D03}
	EndGlobalSection
EndGlobal
